
Microsoft Visual Studio Solution File, Format Version 12.00
# Visual Studio Version 17
VisualStudioVersion = 17.9.34616.47
MinimumVisualStudioVersion = 10.0.40219.1
Project("{F184B08F-C81C-45F6-A57F-5ABD9991F28F}") = "Proyecto-BryanAlexArdonCuellar", "Proyecto-BryanAlexArdonCuellar\Proyecto-BryanAlexArdonCuellar.vbproj", "{14161E87-42A3-4E6E-BCEF-DD0B41FE31C3}"
EndProject
Global
	GlobalSection(SolutionConfigurationPlatforms) = preSolution
		Debug|Any CPU = Debug|Any CPU
		Release|Any CPU = Release|Any CPU
	EndGlobalSection
	GlobalSection(ProjectConfigurationPlatforms) = postSolution
		{14161E87-42A3-4E6E-BCEF-DD0B41FE31C3}.Debug|Any CPU.ActiveCfg = Debug|Any CPU
		{14161E87-42A3-4E6E-BCEF-DD0B41FE31C3}.Debug|Any CPU.Build.0 = Debug|Any CPU
		{14161E87-42A3-4E6E-BCEF-DD0B41FE31C3}.Release|Any CPU.ActiveCfg = Release|Any CPU
		{14161E87-42A3-4E6E-BCEF-DD0B41FE31C3}.Release|Any CPU.Build.0 = Release|Any CPU
	EndGlobalSection
	GlobalSection(SolutionProperties) = preSolution
		HideSolutionNode = FALSE
	EndGlobalSection
	GlobalSection(ExtensibilityGlobals) = postSolution
		SolutionGuid = {5919D6F7-2B0B-4AB9-BD23-C3C460684F9D}
	EndGlobalSection
EndGlobal
